
Microsoft Visual Studio Solution File, Format Version 12.00
# Visual Studio 14
VisualStudioVersion = 14.0.23107.0
MinimumVisualStudioVersion = 10.0.40219.1
Project("{FAE04EC0-301F-11D3-BF4B-00C04F79EFBC}") = "webapi-odata-testing-example", "webapi-odata-testing-example\webapi-odata-testing-example.csproj", "{2C03FA0D-6F63-4F7F-B299-06BE89BB67D4}"
EndProject
Project("{FAE04EC0-301F-11D3-BF4B-00C04F79EFBC}") = "webapi-odata-testing-example.Tests", "webapi-odata-testing-example.Tests\webapi-odata-testing-example.Tests.csproj", "{F258A072-7FB5-4BE0-B9D6-5E96F46D8766}"
EndProject
Project("{FAE04EC0-301F-11D3-BF4B-00C04F79EFBC}") = "webapi-odata-testing-example.Data", "webapi-odata-testing-example.Data\webapi-odata-testing-example.Data.csproj", "{6A7B6F76-AD9B-486A-B4A7-681304B7DC18}"
EndProject
Global
	GlobalSection(SolutionConfigurationPlatforms) = preSolution
		Debug|Any CPU = Debug|Any CPU
		Release|Any CPU = Release|Any CPU
	EndGlobalSection
	GlobalSection(ProjectConfigurationPlatforms) = postSolution
		{2C03FA0D-6F63-4F7F-B299-06BE89BB67D4}.Debug|Any CPU.ActiveCfg = Debug|Any CPU
		{2C03FA0D-6F63-4F7F-B299-06BE89BB67D4}.Debug|Any CPU.Build.0 = Debug|Any CPU
		{2C03FA0D-6F63-4F7F-B299-06BE89BB67D4}.Release|Any CPU.ActiveCfg = Release|Any CPU
		{2C03FA0D-6F63-4F7F-B299-06BE89BB67D4}.Release|Any CPU.Build.0 = Release|Any CPU
		{F258A072-7FB5-4BE0-B9D6-5E96F46D8766}.Debug|Any CPU.ActiveCfg = Debug|Any CPU
		{F258A072-7FB5-4BE0-B9D6-5E96F46D8766}.Debug|Any CPU.Build.0 = Debug|Any CPU
		{F258A072-7FB5-4BE0-B9D6-5E96F46D8766}.Release|Any CPU.ActiveCfg = Release|Any CPU
		{F258A072-7FB5-4BE0-B9D6-5E96F46D8766}.Release|Any CPU.Build.0 = Release|Any CPU
		{6A7B6F76-AD9B-486A-B4A7-681304B7DC18}.Debug|Any CPU.ActiveCfg = Debug|Any CPU
		{6A7B6F76-AD9B-486A-B4A7-681304B7DC18}.Debug|Any CPU.Build.0 = Debug|Any CPU
		{6A7B6F76-AD9B-486A-B4A7-681304B7DC18}.Release|Any CPU.ActiveCfg = Release|Any CPU
		{6A7B6F76-AD9B-486A-B4A7-681304B7DC18}.Release|Any CPU.Build.0 = Release|Any CPU
	EndGlobalSection
	GlobalSection(SolutionProperties) = preSolution
		HideSolutionNode = FALSE
	EndGlobalSection
EndGlobal
